
Microsoft Visual Studio Solution File, Format Version 12.00
# Visual Studio Version 17
VisualStudioVersion = 17.13.35919.96 d17.13
MinimumVisualStudioVersion = 10.0.40219.1
Project("{FAE04EC0-301F-11D3-BF4B-00C04F79EFBC}") = "CivicAlert", "CivicAlert.csproj", "{15D11E21-279A-49C3-8490-E5195F5DFBAB}"
EndProject
Global
	GlobalSection(SolutionConfigurationPlatforms) = preSolution
		Debug|Any CPU = Debug|Any CPU
		Release|Any CPU = Release|Any CPU
	EndGlobalSection
	GlobalSection(ProjectConfigurationPlatforms) = postSolution
		{15D11E21-279A-49C3-8490-E5195F5DFBAB}.Debug|Any CPU.ActiveCfg = Debug|Any CPU
		{15D11E21-279A-49C3-8490-E5195F5DFBAB}.Debug|Any CPU.Build.0 = Debug|Any CPU
		{15D11E21-279A-49C3-8490-E5195F5DFBAB}.Release|Any CPU.ActiveCfg = Release|Any CPU
		{15D11E21-279A-49C3-8490-E5195F5DFBAB}.Release|Any CPU.Build.0 = Release|Any CPU
	EndGlobalSection
	GlobalSection(SolutionProperties) = preSolution
		HideSolutionNode = FALSE
	EndGlobalSection
	GlobalSection(ExtensibilityGlobals) = postSolution
		SolutionGuid = {0EA20A8C-72ED-46ED-B394-80700A296C61}
	EndGlobalSection
EndGlobal
